// !$*UTF8*$!
{
	archiveVersion = 1;
	classes = {
	};
	objectVersion = 46;
	objects = {

/* Begin PBXBuildFile section */
		9F52FEFA1CFD5827001F6AF2 /* AppDelegate.swift in Sources */ = {isa = PBXBuildFile; fileRef = 9F52FEF91CFD5827001F6AF2 /* AppDelegate.swift */; };
		9F52FEFF1CFD5827001F6AF2 /* Main.storyboard in Resources */ = {isa = PBXBuildFile; fileRef = 9F52FEFD1CFD5827001F6AF2 /* Main.storyboard */; };
		9F52FF011CFD5827001F6AF2 /* Assets.xcassets in Resources */ = {isa = PBXBuildFile; fileRef = 9F52FF001CFD5827001F6AF2 /* Assets.xcassets */; };
		9F52FF041CFD5827001F6AF2 /* LaunchScreen.storyboard in Resources */ = {isa = PBXBuildFile; fileRef = 9F52FF021CFD5827001F6AF2 /* LaunchScreen.storyboard */; };
		9F52FF111CFD595D001F6AF2 /* TableViewController.swift in Sources */ = {isa = PBXBuildFile; fileRef = 9F52FF101CFD595D001F6AF2 /* TableViewController.swift */; };
		9F52FF151CFD5970001F6AF2 /* YCMixedTextItem.swift in Sources */ = {isa = PBXBuildFile; fileRef = 9F52FF131CFD5970001F6AF2 /* YCMixedTextItem.swift */; };
		9F52FF161CFD5970001F6AF2 /* YCMixedTextView.swift in Sources */ = {isa = PBXBuildFile; fileRef = 9F52FF141CFD5970001F6AF2 /* YCMixedTextView.swift */; };
		9F52FF181CFD5A2D001F6AF2 /* TableViewCell.swift in Sources */ = {isa = PBXBuildFile; fileRef = 9F52FF171CFD5A2D001F6AF2 /* TableViewCell.swift */; };
		9F52FF1A1CFD5BA0001F6AF2 /* Model.swift in Sources */ = {isa = PBXBuildFile; fileRef = 9F52FF191CFD5BA0001F6AF2 /* Model.swift */; };
		9F52FF1C1CFD5C4D001F6AF2 /* 1.png in Resources */ = {isa = PBXBuildFile; fileRef = 9F52FF1B1CFD5C4D001F6AF2 /* 1.png */; };
/* End PBXBuildFile section */

/* Begin PBXFileReference section */
		9F52FEF61CFD5827001F6AF2 /* YCMixedTextView-Demo.app */ = {isa = PBXFileReference; explicitFileType = wrapper.application; includeInIndex = 0; path = "YCMixedTextView-Demo.app"; sourceTree = BUILT_PRODUCTS_DIR; };
		9F52FEF91CFD5827001F6AF2 /* AppDelegate.swift */ = {isa = PBXFileReference; lastKnownFileType = sourcecode.swift; path = AppDelegate.swift; sourceTree = "<group>"; };
		9F52FEFE1CFD5827001F6AF2 /* Base */ = {isa = PBXFileReference; lastKnownFileType = file.storyboard; name = Base; path = Base.lproj/Main.storyboard; sourceTree = "<group>"; };
		9F52FF001CFD5827001F6AF2 /* Assets.xcassets */ = {isa = PBXFileReference; lastKnownFileType = folder.assetcatalog; path = Assets.xcassets; sourceTree = "<group>"; };
		9F52FF031CFD5827001F6AF2 /* Base */ = {isa = PBXFileReference; lastKnownFileType = file.storyboard; name = Base; path = Base.lproj/LaunchScreen.storyboard; sourceTree = "<group>"; };
		9F52FF051CFD5827001F6AF2 /* Info.plist */ = {isa = PBXFileReference; lastKnownFileType = text.plist.xml; path = Info.plist; sourceTree = "<group>"; };
		9F52FF101CFD595D001F6AF2 /* TableViewController.swift */ = {isa = PBXFileReference; fileEncoding = 4; lastKnownFileType = sourcecode.swift; path = TableViewController.swift; sourceTree = "<group>"; };
		9F52FF131CFD5970001F6AF2 /* YCMixedTextItem.swift */ = {isa = PBXFileReference; fileEncoding = 4; lastKnownFileType = sourcecode.swift; path = YCMixedTextItem.swift; sourceTree = "<group>"; };
		9F52FF141CFD5970001F6AF2 /* YCMixedTextView.swift */ = {isa = PBXFileReference; fileEncoding = 4; lastKnownFileType = sourcecode.swift; path = YCMixedTextView.swift; sourceTree = "<group>"; };
		9F52FF171CFD5A2D001F6AF2 /* TableViewCell.swift */ = {isa = PBXFileReference; fileEncoding = 4; lastKnownFileType = sourcecode.swift; path = TableViewCell.swift; sourceTree = "<group>"; };
		9F52FF191CFD5BA0001F6AF2 /* Model.swift */ = {isa = PBXFileReference; fileEncoding = 4; lastKnownFileType = sourcecode.swift; path = Model.swift; sourceTree = "<group>"; };
		9F52FF1B1CFD5C4D001F6AF2 /* 1.png */ = {isa = PBXFileReference; lastKnownFileType = image.png; path = 1.png; sourceTree = "<group>"; };
/* End PBXFileReference section */

/* Begin PBXFrameworksBuildPhase section */
		9F52FEF31CFD5827001F6AF2 /* Frameworks */ = {
			isa = PBXFrameworksBuildPhase;
			buildActionMask = 2147483647;
			files = (
			);
			runOnlyForDeploymentPostprocessing = 0;
		};
/* End PBXFrameworksBuildPhase section */

/* Begin PBXGroup section */
		9F52FEED1CFD5827001F6AF2 = {
			isa = PBXGroup;
			children = (
				9F52FF121CFD5970001F6AF2 /* YCMixedTextView */,
				9F52FEF81CFD5827001F6AF2 /* YCMixedTextView-Demo */,
				9F52FEF71CFD5827001F6AF2 /* Products */,
			);
			sourceTree = "<group>";
		};
		9F52FEF71CFD5827001F6AF2 /* Products */ = {
			isa = PBXGroup;
			children = (
				9F52FEF61CFD5827001F6AF2 /* YCMixedTextView-Demo.app */,
			);
			name = Products;
			sourceTree = "<group>";
		};
		9F52FEF81CFD5827001F6AF2 /* YCMixedTextView-Demo */ = {
			isa = PBXGroup;
			children = (
				9F52FF1B1CFD5C4D001F6AF2 /* 1.png */,
				9F52FEF91CFD5827001F6AF2 /* AppDelegate.swift */,
				9F52FF101CFD595D001F6AF2 /* TableViewController.swift */,
				9F52FF171CFD5A2D001F6AF2 /* TableViewCell.swift */,
				9F52FF191CFD5BA0001F6AF2 /* Model.swift */,
				9F52FEFD1CFD5827001F6AF2 /* Main.storyboard */,
				9F52FF001CFD5827001F6AF2 /* Assets.xcassets */,
				9F52FF021CFD5827001F6AF2 /* LaunchScreen.storyboard */,
				9F52FF051CFD5827001F6AF2 /* Info.plist */,
			);
			path = "YCMixedTextView-Demo";
			sourceTree = "<group>";
		};
		9F52FF121CFD5970001F6AF2 /* YCMixedTextView */ = {
			isa = PBXGroup;
			children = (
				9F52FF131CFD5970001F6AF2 /* YCMixedTextItem.swift */,
				9F52FF141CFD5970001F6AF2 /* YCMixedTextView.swift */,
			);
			path = YCMixedTextView;
			sourceTree = "<group>";
		};
/* End PBXGroup section */

/* Begin PBXNativeTarget section */
		9F52FEF51CFD5827001F6AF2 /* YCMixedTextView-Demo */ = {
			isa = PBXNativeTarget;
			buildConfigurationList = 9F52FF081CFD5827001F6AF2 /* Build configuration list for PBXNativeTarget "YCMixedTextView-Demo" */;
			buildPhases = (
				9F52FEF21CFD5827001F6AF2 /* Sources */,
				9F52FEF31CFD5827001F6AF2 /* Frameworks */,
				9F52FEF41CFD5827001F6AF2 /* Resources */,
			);
			buildRules = (
			);
			dependencies = (
			);
			name = "YCMixedTextView-Demo";
			productName = "YCMixedTextView-Demo";
			productReference = 9F52FEF61CFD5827001F6AF2 /* YCMixedTextView-Demo.app */;
			productType = "com.apple.product-type.application";
		};
/* End PBXNativeTarget section */

/* Begin PBXProject section */
		9F52FEEE1CFD5827001F6AF2 /* Project object */ = {
			isa = PBXProject;
			attributes = {
				LastSwiftUpdateCheck = 0730;
				LastUpgradeCheck = 0730;
				ORGANIZATIONNAME = iLakeYC;
				TargetAttributes = {
					9F52FEF51CFD5827001F6AF2 = {
						CreatedOnToolsVersion = 7.3.1;
					};
				};
			};
			buildConfigurationList = 9F52FEF11CFD5827001F6AF2 /* Build configuration list for PBXProject "YCMixedTextView-Demo" */;
			compatibilityVersion = "Xcode 3.2";
			developmentRegion = English;
			hasScannedForEncodings = 0;
			knownRegions = (
				en,
				Base,
			);
			mainGroup = 9F52FEED1CFD5827001F6AF2;
			productRefGroup = 9F52FEF71CFD5827001F6AF2 /* Products */;
			projectDirPath = "";
			projectRoot = "";
			targets = (
				9F52FEF51CFD5827001F6AF2 /* YCMixedTextView-Demo */,
			);
		};
/* End PBXProject section */

/* Begin PBXResourcesBuildPhase section */
		9F52FEF41CFD5827001F6AF2 /* Resources */ = {
			isa = PBXResourcesBuildPhase;
			buildActionMask = 2147483647;
			files = (
				9F52FF041CFD5827001F6AF2 /* LaunchScreen.storyboard in Resources */,
				9F52FF1C1CFD5C4D001F6AF2 /* 1.png in Resources */,
				9F52FF011CFD5827001F6AF2 /* Assets.xcassets in Resources */,
				9F52FEFF1CFD5827001F6AF2 /* Main.storyboard in Resources */,
			);
			runOnlyForDeploymentPostprocessing = 0;
		};
/* End PBXResourcesBuildPhase section */

/* Begin PBXSourcesBuildPhase section */
		9F52FEF21CFD5827001F6AF2 /* Sources */ = {
			isa = PBXSourcesBuildPhase;
			buildActionMask = 2147483647;
			files = (
				9F52FF181CFD5A2D001F6AF2 /* TableViewCell.swift in Sources */,
				9F52FEFA1CFD5827001F6AF2 /* AppDelegate.swift in Sources */,
				9F52FF111CFD595D001F6AF2 /* TableViewController.swift in Sources */,
				9F52FF1A1CFD5BA0001F6AF2 /* Model.swift in Sources */,
				9F52FF151CFD5970001F6AF2 /* YCMixedTextItem.swift in Sources */,
				9F52FF161CFD5970001F6AF2 /* YCMixedTextView.swift in Sources */,
			);
			runOnlyForDeploymentPostprocessing = 0;
		};
/* End PBXSourcesBuildPhase section */

/* Begin PBXVariantGroup section */
		9F52FEFD1CFD5827001F6AF2 /* Main.storyboard */ = {
			isa = PBXVariantGroup;
			children = (
				9F52FEFE1CFD5827001F6AF2 /* Base */,
			);
			name = Main.storyboard;
			sourceTree = "<group>";
		};
		9F52FF021CFD5827001F6AF2 /* LaunchScreen.storyboard */ = {
			isa = PBXVariantGroup;
			children = (
				9F52FF031CFD5827001F6AF2 /* Base */,
			);
			name = LaunchScreen.storyboard;
			sourceTree = "<group>";
		};
/* End PBXVariantGroup section */

/* Begin XCBuildConfiguration section */
		9F52FF061CFD5827001F6AF2 /* Debug */ = {
			isa = XCBuildConfiguration;
			buildSettings = {
				ALWAYS_SEARCH_USER_PATHS = NO;
				CLANG_ANALYZER_NONNULL = YES;
				CLANG_CXX_LANGUAGE_STANDARD = "gnu++0x";
				CLANG_CXX_LIBRARY = "libc++";
				CLANG_ENABLE_MODULES = YES;
				CLANG_ENABLE_OBJC_ARC = YES;
				CLANG_WARN_BOOL_CONVERSION = YES;
				CLANG_WARN_CONSTANT_CONVERSION = YES;
				CLANG_WARN_DIRECT_OBJC_ISA_USAGE = YES_ERROR;
				CLANG_WARN_EMPTY_BODY = YES;
				CLANG_WARN_ENUM_CONVERSION = YES;
				CLANG_WARN_INT_CONVERSION = YES;
				CLANG_WARN_OBJC_ROOT_CLASS = YES_ERROR;
				CLANG_WARN_UNREACHABLE_CODE = YES;
				CLANG_WARN__DUPLICATE_METHOD_MATCH = YES;
				"CODE_SIGN_IDENTITY[sdk=iphoneos*]" = "iPhone Developer";
				COPY_PHASE_STRIP = NO;
				DEBUG_INFORMATION_FORMAT = dwarf;
				ENABLE_STRICT_OBJC_MSGSEND = YES;
				ENABLE_TESTABILITY = YES;
				GCC_C_LANGUAGE_STANDARD = gnu99;
				GCC_DYNAMIC_NO_PIC = NO;
				GCC_NO_COMMON_BLOCKS = YES;
				GCC_OPTIMIZATION_LEVEL = 0;
				GCC_PREPROCESSOR_DEFINITIONS = (
					"DEBUG=1",
					"$(inherited)",
				);
				GCC_WARN_64_TO_32_BIT_CONVERSION = YES;
				GCC_WARN_ABOUT_RETURN_TYPE = YES_ERROR;
				GCC_WARN_UNDECLARED_SELECTOR = YES;
				GCC_WARN_UNINITIALIZED_AUTOS = YES_AGGRESSIVE;
				GCC_WARN_UNUSED_FUNCTION = YES;
				GCC_WARN_UNUSED_VARIABLE = YES;
				IPHONEOS_DEPLOYMENT_TARGET = 9.3;
				MTL_ENABLE_DEBUG_INFO = YES;
				ONLY_ACTIVE_ARCH = YES;
				SDKROOT = iphoneos;
				SWIFT_OPTIMIZATION_LEVEL = "-Onone";
			};
			name = Debug;
		};
		9F52FF071CFD5827001F6AF2 /* Release */ = {
			isa = XCBuildConfiguration;
			buildSettings = {
				ALWAYS_SEARCH_USER_PATHS = NO;
				CLANG_ANALYZER_NONNULL = YES;
				CLANG_CXX_LANGUAGE_STANDARD = "gnu++0x";
				CLANG_CXX_LIBRARY = "libc++";
				CLANG_ENABLE_MODULES = YES;
				CLANG_ENABLE_OBJC_ARC = YES;
				CLANG_WARN_BOOL_CONVERSION = YES;
				CLANG_WARN_CONSTANT_CONVERSION = YES;
				CLANG_WARN_DIRECT_OBJC_ISA_USAGE = YES_ERROR;
				CLANG_WARN_EMPTY_BODY = YES;
				CLANG_WARN_ENUM_CONVERSION = YES;
				CLANG_WARN_INT_CONVERSION = YES;
				CLANG_WARN_OBJC_ROOT_CLASS = YES_ERROR;
				CLANG_WARN_UNREACHABLE_CODE = YES;
				CLANG_WARN__DUPLICATE_METHOD_MATCH = YES;
				"CODE_SIGN_IDENTITY[sdk=iphoneos*]" = "iPhone Developer";
				COPY_PHASE_STRIP = NO;
				DEBUG_INFORMATION_FORMAT = "dwarf-with-dsym";
				ENABLE_NS_ASSERTIONS = NO;
				ENABLE_STRICT_OBJC_MSGSEND = YES;
				GCC_C_LANGUAGE_STANDARD = gnu99;
				GCC_NO_COMMON_BLOCKS = YES;
				GCC_WARN_64_TO_32_BIT_CONVERSION = YES;
				GCC_WARN_ABOUT_RETURN_TYPE = YES_ERROR;
				GCC_WARN_UNDECLARED_SELECTOR = YES;
				GCC_WARN_UNINITIALIZED_AUTOS = YES_AGGRESSIVE;
				GCC_WARN_UNUSED_FUNCTION = YES;
				GCC_WARN_UNUSED_VARIABLE = YES;
				IPHONEOS_DEPLOYMENT_TARGET = 9.3;
				MTL_ENABLE_DEBUG_INFO = NO;
				SDKROOT = iphoneos;
				VALIDATE_PRODUCT = YES;
			};
			name = Release;
		};
		9F52FF091CFD5827001F6AF2 /* Debug */ = {
			isa = XCBuildConfiguration;
			buildSettings = {
				ASSETCATALOG_COMPILER_APPICON_NAME = AppIcon;
				INFOPLIST_FILE = "YCMixedTextView-Demo/Info.plist";
				LD_RUNPATH_SEARCH_PATHS = "$(inherited) @executable_path/Frameworks";
				PRODUCT_BUNDLE_IDENTIFIER = "Lake.YCMixedTextView-Demo";
				PRODUCT_NAME = "$(TARGET_NAME)";
			};
			name = Debug;
		};
		9F52FF0A1CFD5827001F6AF2 /* Release */ = {
			isa = XCBuildConfiguration;
			buildSettings = {
				ASSETCATALOG_COMPILER_APPICON_NAME = AppIcon;
				INFOPLIST_FILE = "YCMixedTextView-Demo/Info.plist";
				LD_RUNPATH_SEARCH_PATHS = "$(inherited) @executable_path/Frameworks";
				PRODUCT_BUNDLE_IDENTIFIER = "Lake.YCMixedTextView-Demo";
				PRODUCT_NAME = "$(TARGET_NAME)";
			};
			name = Release;
		};
/* End XCBuildConfiguration section */

/* Begin XCConfigurationList section */
		9F52FEF11CFD5827001F6AF2 /* Build configuration list for PBXProject "YCMixedTextView-Demo" */ = {
			isa = XCConfigurationList;
			buildConfigurations = (
				9F52FF061CFD5827001F6AF2 /* Debug */,
				9F52FF071CFD5827001F6AF2 /* Release */,
			);
			defaultConfigurationIsVisible = 0;
			defaultConfigurationName = Release;
		};
		9F52FF081CFD5827001F6AF2 /* Build configuration list for PBXNativeTarget "YCMixedTextView-Demo" */ = {
			isa = XCConfigurationList;
			buildConfigurations = (
				9F52FF091CFD5827001F6AF2 /* Debug */,
				9F52FF0A1CFD5827001F6AF2 /* Release */,
			);
			defaultConfigurationIsVisible = 0;
		};
/* End XCConfigurationList section */
	};
	rootObject = 9F52FEEE1CFD5827001F6AF2 /* Project object */;
}
